// !$*UTF8*$!
{
	archiveVersion = 1;
	classes = {
	};
	objectVersion = 77;
	objects = {

/* Begin PBXBuildFile section */
		EA2509172CAF29F2003E25D8 /* README.md in Resources */ = {isa = PBXBuildFile; fileRef = EA2509162CAF29F2003E25D8 /* README.md */; };
/* End PBXBuildFile section */

/* Begin PBXContainerItemProxy section */
		EA72A24C2CA5B49500C56F34 /* PBXContainerItemProxy */ = {
			isa = PBXContainerItemProxy;
			containerPortal = EA72A2312CA5B49400C56F34 /* Project object */;
			proxyType = 1;
			remoteGlobalIDString = EA72A2382CA5B49400C56F34;
			remoteInfo = Sunrisers;
		};
		EA72A2562CA5B49500C56F34 /* PBXContainerItemProxy */ = {
			isa = PBXContainerItemProxy;
			containerPortal = EA72A2312CA5B49400C56F34 /* Project object */;
			proxyType = 1;
			remoteGlobalIDString = EA72A2382CA5B49400C56F34;
			remoteInfo = Sunrisers;
		};
/* End PBXContainerItemProxy section */

/* Begin PBXFileReference section */
		EA2509162CAF29F2003E25D8 /* README.md */ = {isa = PBXFileReference; lastKnownFileType = net.daringfireball.markdown; path = README.md; sourceTree = "<group>"; };
		EA72A2392CA5B49400C56F34 /* Sunrisers.app */ = {isa = PBXFileReference; explicitFileType = wrapper.application; includeInIndex = 0; path = Sunrisers.app; sourceTree = BUILT_PRODUCTS_DIR; };
		EA72A24B2CA5B49500C56F34 /* SunrisersTests.xctest */ = {isa = PBXFileReference; explicitFileType = wrapper.cfbundle; includeInIndex = 0; path = SunrisersTests.xctest; sourceTree = BUILT_PRODUCTS_DIR; };
		EA72A2552CA5B49500C56F34 /* SunrisersUITests.xctest */ = {isa = PBXFileReference; explicitFileType = wrapper.cfbundle; includeInIndex = 0; path = SunrisersUITests.xctest; sourceTree = BUILT_PRODUCTS_DIR; };
/* End PBXFileReference section */

/* Begin PBXFileSystemSynchronizedRootGroup section */
		EA72A23B2CA5B49400C56F34 /* Sunrisers */ = {
			isa = PBXFileSystemSynchronizedRootGroup;
			path = Sunrisers;
			sourceTree = "<group>";
		};
		EA72A24E2CA5B49500C56F34 /* SunrisersTests */ = {
			isa = PBXFileSystemSynchronizedRootGroup;
			path = SunrisersTests;
			sourceTree = "<group>";
		};
		EA72A2582CA5B49600C56F34 /* SunrisersUITests */ = {
			isa = PBXFileSystemSynchronizedRootGroup;
			path = SunrisersUITests;
			sourceTree = "<group>";
		};
/* End PBXFileSystemSynchronizedRootGroup section */

/* Begin PBXFrameworksBuildPhase section */
		EA72A2362CA5B49400C56F34 /* Frameworks */ = {
			isa = PBXFrameworksBuildPhase;
			buildActionMask = 2147483647;
			files = (
			);
			runOnlyForDeploymentPostprocessing = 0;
		};
		EA72A2482CA5B49500C56F34 /* Frameworks */ = {
			isa = PBXFrameworksBuildPhase;
			buildActionMask = 2147483647;
			files = (
			);
			runOnlyForDeploymentPostprocessing = 0;
		};
		EA72A2522CA5B49500C56F34 /* Frameworks */ = {
			isa = PBXFrameworksBuildPhase;
			buildActionMask = 2147483647;
			files = (
			);
			runOnlyForDeploymentPostprocessing = 0;
		};
/* End PBXFrameworksBuildPhase section */

/* Begin PBXGroup section */
		EA72A2302CA5B49400C56F34 = {
			isa = PBXGroup;
			children = (
				EA2509162CAF29F2003E25D8 /* README.md */,
				EA72A23B2CA5B49400C56F34 /* Sunrisers */,
				EA72A24E2CA5B49500C56F34 /* SunrisersTests */,
				EA72A2582CA5B49600C56F34 /* SunrisersUITests */,
				EA72A23A2CA5B49400C56F34 /* Products */,
			);
			sourceTree = "<group>";
		};
		EA72A23A2CA5B49400C56F34 /* Products */ = {
			isa = PBXGroup;
			children = (
				EA72A2392CA5B49400C56F34 /* Sunrisers.app */,
				EA72A24B2CA5B49500C56F34 /* SunrisersTests.xctest */,
				EA72A2552CA5B49500C56F34 /* SunrisersUITests.xctest */,
			);
			name = Products;
			sourceTree = "<group>";
		};
/* End PBXGroup section */

/* Begin PBXNativeTarget section */
		EA72A2382CA5B49400C56F34 /* Sunrisers */ = {
			isa = PBXNativeTarget;
			buildConfigurationList = EA72A25F2CA5B49600C56F34 /* Build configuration list for PBXNativeTarget "Sunrisers" */;
			buildPhases = (
				EA72A2352CA5B49400C56F34 /* Sources */,
				EA72A2362CA5B49400C56F34 /* Frameworks */,
				EA72A2372CA5B49400C56F34 /* Resources */,
			);
			buildRules = (
			);
			dependencies = (
			);
			fileSystemSynchronizedGroups = (
				EA72A23B2CA5B49400C56F34 /* Sunrisers */,
			);
			name = Sunrisers;
			packageProductDependencies = (
			);
			productName = Sunrisers;
			productReference = EA72A2392CA5B49400C56F34 /* Sunrisers.app */;
			productType = "com.apple.product-type.application";
		};
		EA72A24A2CA5B49500C56F34 /* SunrisersTests */ = {
			isa = PBXNativeTarget;
			buildConfigurationList = EA72A2622CA5B49600C56F34 /* Build configuration list for PBXNativeTarget "SunrisersTests" */;
			buildPhases = (
				EA72A2472CA5B49500C56F34 /* Sources */,
				EA72A2482CA5B49500C56F34 /* Frameworks */,
				EA72A2492CA5B49500C56F34 /* Resources */,
			);
			buildRules = (
			);
			dependencies = (
				EA72A24D2CA5B49500C56F34 /* PBXTargetDependency */,
			);
			fileSystemSynchronizedGroups = (
				EA72A24E2CA5B49500C56F34 /* SunrisersTests */,
			);
			name = SunrisersTests;
			packageProductDependencies = (
			);
			productName = SunrisersTests;
			productReference = EA72A24B2CA5B49500C56F34 /* SunrisersTests.xctest */;
			productType = "com.apple.product-type.bundle.unit-test";
		};
		EA72A2542CA5B49500C56F34 /* SunrisersUITests */ = {
			isa = PBXNativeTarget;
			buildConfigurationList = EA72A2652CA5B49600C56F34 /* Build configuration list for PBXNativeTarget "SunrisersUITests" */;
			buildPhases = (
				EA72A2512CA5B49500C56F34 /* Sources */,
				EA72A2522CA5B49500C56F34 /* Frameworks */,
				EA72A2532CA5B49500C56F34 /* Resources */,
			);
			buildRules = (
			);
			dependencies = (
				EA72A2572CA5B49500C56F34 /* PBXTargetDependency */,
			);
			fileSystemSynchronizedGroups = (
				EA72A2582CA5B49600C56F34 /* SunrisersUITests */,
			);
			name = SunrisersUITests;
			packageProductDependencies = (
			);
			productName = SunrisersUITests;
			productReference = EA72A2552CA5B49500C56F34 /* SunrisersUITests.xctest */;
			productType = "com.apple.product-type.bundle.ui-testing";
		};
/* End PBXNativeTarget section */

/* Begin PBXProject section */
		EA72A2312CA5B49400C56F34 /* Project object */ = {
			isa = PBXProject;
			attributes = {
				BuildIndependentTargetsInParallel = 1;
				LastSwiftUpdateCheck = 1600;
				LastUpgradeCheck = 1600;
				TargetAttributes = {
					EA72A2382CA5B49400C56F34 = {
						CreatedOnToolsVersion = 16.0;
					};
					EA72A24A2CA5B49500C56F34 = {
						CreatedOnToolsVersion = 16.0;
						TestTargetID = EA72A2382CA5B49400C56F34;
					};
					EA72A2542CA5B49500C56F34 = {
						CreatedOnToolsVersion = 16.0;
						TestTargetID = EA72A2382CA5B49400C56F34;
					};
				};
			};
			buildConfigurationList = EA72A2342CA5B49400C56F34 /* Build configuration list for PBXProject "Sunrisers" */;
			developmentRegion = en;
			hasScannedForEncodings = 0;
			knownRegions = (
				en,
				Base,
			);
			mainGroup = EA72A2302CA5B49400C56F34;
			minimizedProjectReferenceProxies = 1;
			preferredProjectObjectVersion = 77;
			productRefGroup = EA72A23A2CA5B49400C56F34 /* Products */;
			projectDirPath = "";
			projectRoot = "";
			targets = (
				EA72A2382CA5B49400C56F34 /* Sunrisers */,
				EA72A24A2CA5B49500C56F34 /* SunrisersTests */,
				EA72A2542CA5B49500C56F34 /* SunrisersUITests */,
			);
		};
/* End PBXProject section */

/* Begin PBXResourcesBuildPhase section */
		EA72A2372CA5B49400C56F34 /* Resources */ = {
			isa = PBXResourcesBuildPhase;
			buildActionMask = 2147483647;
			files = (
				EA2509172CAF29F2003E25D8 /* README.md in Resources */,
			);
			runOnlyForDeploymentPostprocessing = 0;
		};
		EA72A2492CA5B49500C56F34 /* Resources */ = {
			isa = PBXResourcesBuildPhase;
			buildActionMask = 2147483647;
			files = (
			);
			runOnlyForDeploymentPostprocessing = 0;
		};
		EA72A2532CA5B49500C56F34 /* Resources */ = {
			isa = PBXResourcesBuildPhase;
			buildActionMask = 2147483647;
			files = (
			);
			runOnlyForDeploymentPostprocessing = 0;
		};
/* End PBXResourcesBuildPhase section */

/* Begin PBXSourcesBuildPhase section */
		EA72A2352CA5B49400C56F34 /* Sources */ = {
			isa = PBXSourcesBuildPhase;
			buildActionMask = 2147483647;
			files = (
			);
			runOnlyForDeploymentPostprocessing = 0;
		};
		EA72A2472CA5B49500C56F34 /* Sources */ = {
			isa = PBXSourcesBuildPhase;
			buildActionMask = 2147483647;
			files = (
			);
			runOnlyForDeploymentPostprocessing = 0;
		};
		EA72A2512CA5B49500C56F34 /* Sources */ = {
			isa = PBXSourcesBuildPhase;
			buildActionMask = 2147483647;
			files = (
			);
			runOnlyForDeploymentPostprocessing = 0;
		};
/* End PBXSourcesBuildPhase section */

/* Begin PBXTargetDependency section */
		EA72A24D2CA5B49500C56F34 /* PBXTargetDependency */ = {
			isa = PBXTargetDependency;
			target = EA72A2382CA5B49400C56F34 /* Sunrisers */;
			targetProxy = EA72A24C2CA5B49500C56F34 /* PBXContainerItemProxy */;
		};
		EA72A2572CA5B49500C56F34 /* PBXTargetDependency */ = {
			isa = PBXTargetDependency;
			target = EA72A2382CA5B49400C56F34 /* Sunrisers */;
			targetProxy = EA72A2562CA5B49500C56F34 /* PBXContainerItemProxy */;
		};
/* End PBXTargetDependency section */

/* Begin XCBuildConfiguration section */
		EA72A25D2CA5B49600C56F34 /* Debug */ = {
			isa = XCBuildConfiguration;
			buildSettings = {
				ALWAYS_SEARCH_USER_PATHS = NO;
				ASSETCATALOG_COMPILER_GENERATE_SWIFT_ASSET_SYMBOL_EXTENSIONS = YES;
				CLANG_ANALYZER_NONNULL = YES;
				CLANG_ANALYZER_NUMBER_OBJECT_CONVERSION = YES_AGGRESSIVE;
				CLANG_CXX_LANGUAGE_STANDARD = "gnu++20";
				CLANG_ENABLE_MODULES = YES;
				CLANG_ENABLE_OBJC_ARC = YES;
				CLANG_ENABLE_OBJC_WEAK = YES;
				CLANG_WARN_BLOCK_CAPTURE_AUTORELEASING = YES;
				CLANG_WARN_BOOL_CONVERSION = YES;
				CLANG_WARN_COMMA = YES;
				CLANG_WARN_CONSTANT_CONVERSION = YES;
				CLANG_WARN_DEPRECATED_OBJC_IMPLEMENTATIONS = YES;
				CLANG_WARN_DIRECT_OBJC_ISA_USAGE = YES_ERROR;
				CLANG_WARN_DOCUMENTATION_COMMENTS = YES;
				CLANG_WARN_EMPTY_BODY = YES;
				CLANG_WARN_ENUM_CONVERSION = YES;
				CLANG_WARN_INFINITE_RECURSION = YES;
				CLANG_WARN_INT_CONVERSION = YES;
				CLANG_WARN_NON_LITERAL_NULL_CONVERSION = YES;
				CLANG_WARN_OBJC_IMPLICIT_RETAIN_SELF = YES;
				CLANG_WARN_OBJC_LITERAL_CONVERSION = YES;
				CLANG_WARN_OBJC_ROOT_CLASS = YES_ERROR;
				CLANG_WARN_QUOTED_INCLUDE_IN_FRAMEWORK_HEADER = YES;
				CLANG_WARN_RANGE_LOOP_ANALYSIS = YES;
				CLANG_WARN_STRICT_PROTOTYPES = YES;
				CLANG_WARN_SUSPICIOUS_MOVE = YES;
				CLANG_WARN_UNGUARDED_AVAILABILITY = YES_AGGRESSIVE;
				CLANG_WARN_UNREACHABLE_CODE = YES;
				CLANG_WARN__DUPLICATE_METHOD_MATCH = YES;
				COPY_PHASE_STRIP = NO;
				DEBUG_INFORMATION_FORMAT = dwarf;
				ENABLE_STRICT_OBJC_MSGSEND = YES;
				ENABLE_TESTABILITY = YES;
				ENABLE_USER_SCRIPT_SANDBOXING = YES;
				GCC_C_LANGUAGE_STANDARD = gnu17;
				GCC_DYNAMIC_NO_PIC = NO;
				GCC_NO_COMMON_BLOCKS = YES;
				GCC_OPTIMIZATION_LEVEL = 0;
				GCC_PREPROCESSOR_DEFINITIONS = (
					"DEBUG=1",
					"$(inherited)",
				);
				GCC_WARN_64_TO_32_BIT_CONVERSION = YES;
				GCC_WARN_ABOUT_RETURN_TYPE = YES_ERROR;
				GCC_WARN_UNDECLARED_SELECTOR = YES;
				GCC_WARN_UNINITIALIZED_AUTOS = YES_AGGRESSIVE;
				GCC_WARN_UNUSED_FUNCTION = YES;
				GCC_WARN_UNUSED_VARIABLE = YES;
				IPHONEOS_DEPLOYMENT_TARGET = 18.0;
				LOCALIZATION_PREFERS_STRING_CATALOGS = YES;
				MTL_ENABLE_DEBUG_INFO = INCLUDE_SOURCE;
				MTL_FAST_MATH = YES;
				ONLY_ACTIVE_ARCH = YES;
				SDKROOT = iphoneos;
				SWIFT_ACTIVE_COMPILATION_CONDITIONS = "DEBUG $(inherited)";
				SWIFT_OPTIMIZATION_LEVEL = "-Onone";
			};
			name = Debug;
		};
		EA72A25E2CA5B49600C56F34 /* Release */ = {
			isa = XCBuildConfiguration;
			buildSettings = {
				ALWAYS_SEARCH_USER_PATHS = NO;
				ASSETCATALOG_COMPILER_GENERATE_SWIFT_ASSET_SYMBOL_EXTENSIONS = YES;
				CLANG_ANALYZER_NONNULL = YES;
				CLANG_ANALYZER_NUMBER_OBJECT_CONVERSION = YES_AGGRESSIVE;
				CLANG_CXX_LANGUAGE_STANDARD = "gnu++20";
				CLANG_ENABLE_MODULES = YES;
				CLANG_ENABLE_OBJC_ARC = YES;
				CLANG_ENABLE_OBJC_WEAK = YES;
				CLANG_WARN_BLOCK_CAPTURE_AUTORELEASING = YES;
				CLANG_WARN_BOOL_CONVERSION = YES;
				CLANG_WARN_COMMA = YES;
				CLANG_WARN_CONSTANT_CONVERSION = YES;
				CLANG_WARN_DEPRECATED_OBJC_IMPLEMENTATIONS = YES;
				CLANG_WARN_DIRECT_OBJC_ISA_USAGE = YES_ERROR;
				CLANG_WARN_DOCUMENTATION_COMMENTS = YES;
				CLANG_WARN_EMPTY_BODY = YES;
				CLANG_WARN_ENUM_CONVERSION = YES;
				CLANG_WARN_INFINITE_RECURSION = YES;
				CLANG_WARN_INT_CONVERSION = YES;
				CLANG_WARN_NON_LITERAL_NULL_CONVERSION = YES;
				CLANG_WARN_OBJC_IMPLICIT_RETAIN_SELF = YES;
				CLANG_WARN_OBJC_LITERAL_CONVERSION = YES;
				CLANG_WARN_OBJC_ROOT_CLASS = YES_ERROR;
				CLANG_WARN_QUOTED_INCLUDE_IN_FRAMEWORK_HEADER = YES;
				CLANG_WARN_RANGE_LOOP_ANALYSIS = YES;
				CLANG_WARN_STRICT_PROTOTYPES = YES;
				CLANG_WARN_SUSPICIOUS_MOVE = YES;
				CLANG_WARN_UNGUARDED_AVAILABILITY = YES_AGGRESSIVE;
				CLANG_WARN_UNREACHABLE_CODE = YES;
				CLANG_WARN__DUPLICATE_METHOD_MATCH = YES;
				COPY_PHASE_STRIP = NO;
				DEBUG_INFORMATION_FORMAT = "dwarf-with-dsym";
				ENABLE_NS_ASSERTIONS = NO;
				ENABLE_STRICT_OBJC_MSGSEND = YES;
				ENABLE_USER_SCRIPT_SANDBOXING = YES;
				GCC_C_LANGUAGE_STANDARD = gnu17;
				GCC_NO_COMMON_BLOCKS = YES;
				GCC_WARN_64_TO_32_BIT_CONVERSION = YES;
				GCC_WARN_ABOUT_RETURN_TYPE = YES_ERROR;
				GCC_WARN_UNDECLARED_SELECTOR = YES;
				GCC_WARN_UNINITIALIZED_AUTOS = YES_AGGRESSIVE;
				GCC_WARN_UNUSED_FUNCTION = YES;
				GCC_WARN_UNUSED_VARIABLE = YES;
				IPHONEOS_DEPLOYMENT_TARGET = 18.0;
				LOCALIZATION_PREFERS_STRING_CATALOGS = YES;
				MTL_ENABLE_DEBUG_INFO = NO;
				MTL_FAST_MATH = YES;
				SDKROOT = iphoneos;
				SWIFT_COMPILATION_MODE = wholemodule;
				VALIDATE_PRODUCT = YES;
			};
			name = Release;
		};
		EA72A2602CA5B49600C56F34 /* Debug */ = {
			isa = XCBuildConfiguration;
			buildSettings = {
				ASSETCATALOG_COMPILER_APPICON_NAME = AppIcon;
				ASSETCATALOG_COMPILER_GLOBAL_ACCENT_COLOR_NAME = AccentColor;
				CODE_SIGN_STYLE = Automatic;
				CURRENT_PROJECT_VERSION = 1;
				DEVELOPMENT_ASSET_PATHS = "\"Sunrisers/Preview Content\"";
				DEVELOPMENT_TEAM = HFUQ986HXR;
				ENABLE_PREVIEWS = YES;
				GENERATE_INFOPLIST_FILE = YES;
				INFOPLIST_KEY_UIApplicationSceneManifest_Generation = YES;
				INFOPLIST_KEY_UIApplicationSupportsIndirectInputEvents = YES;
				INFOPLIST_KEY_UILaunchScreen_Generation = YES;
				INFOPLIST_KEY_UISupportedInterfaceOrientations_iPad = "UIInterfaceOrientationPortrait UIInterfaceOrientationPortraitUpsideDown UIInterfaceOrientationLandscapeLeft UIInterfaceOrientationLandscapeRight";
				INFOPLIST_KEY_UISupportedInterfaceOrientations_iPhone = "UIInterfaceOrientationPortrait UIInterfaceOrientationLandscapeLeft UIInterfaceOrientationLandscapeRight";
				LD_RUNPATH_SEARCH_PATHS = (
					"$(inherited)",
					"@executable_path/Frameworks",
				);
				MARKETING_VERSION = 1.0;
				PRODUCT_BUNDLE_IDENTIFIER = com.awd.Sunrisers;
				PRODUCT_NAME = "$(TARGET_NAME)";
				SWIFT_EMIT_LOC_STRINGS = YES;
				SWIFT_VERSION = 6.0;
				TARGETED_DEVICE_FAMILY = "1,2";
			};
			name = Debug;
		};
		EA72A2612CA5B49600C56F34 /* Release */ = {
			isa = XCBuildConfiguration;
			buildSettings = {
				ASSETCATALOG_COMPILER_APPICON_NAME = AppIcon;
				ASSETCATALOG_COMPILER_GLOBAL_ACCENT_COLOR_NAME = AccentColor;
				CODE_SIGN_STYLE = Automatic;
				CURRENT_PROJECT_VERSION = 1;
				DEVELOPMENT_ASSET_PATHS = "\"Sunrisers/Preview Content\"";
				DEVELOPMENT_TEAM = HFUQ986HXR;
				ENABLE_PREVIEWS = YES;
				GENERATE_INFOPLIST_FILE = YES;
				INFOPLIST_KEY_UIApplicationSceneManifest_Generation = YES;
				INFOPLIST_KEY_UIApplicationSupportsIndirectInputEvents = YES;
				INFOPLIST_KEY_UILaunchScreen_Generation = YES;
				INFOPLIST_KEY_UISupportedInterfaceOrientations_iPad = "UIInterfaceOrientationPortrait UIInterfaceOrientationPortraitUpsideDown UIInterfaceOrientationLandscapeLeft UIInterfaceOrientationLandscapeRight";
				INFOPLIST_KEY_UISupportedInterfaceOrientations_iPhone = "UIInterfaceOrientationPortrait UIInterfaceOrientationLandscapeLeft UIInterfaceOrientationLandscapeRight";
				LD_RUNPATH_SEARCH_PATHS = (
					"$(inherited)",
					"@executable_path/Frameworks",
				);
				MARKETING_VERSION = 1.0;
				PRODUCT_BUNDLE_IDENTIFIER = com.awd.Sunrisers;
				PRODUCT_NAME = "$(TARGET_NAME)";
				SWIFT_EMIT_LOC_STRINGS = YES;
				SWIFT_VERSION = 6.0;
				TARGETED_DEVICE_FAMILY = "1,2";
			};
			name = Release;
		};
		EA72A2632CA5B49600C56F34 /* Debug */ = {
			isa = XCBuildConfiguration;
			buildSettings = {
				BUNDLE_LOADER = "$(TEST_HOST)";
				CODE_SIGN_STYLE = Automatic;
				CURRENT_PROJECT_VERSION = 1;
				DEVELOPMENT_TEAM = HFUQ986HXR;
				GENERATE_INFOPLIST_FILE = YES;
				IPHONEOS_DEPLOYMENT_TARGET = 18.0;
				MARKETING_VERSION = 1.0;
				PRODUCT_BUNDLE_IDENTIFIER = com.awd.SunrisersTests;
				PRODUCT_NAME = "$(TARGET_NAME)";
				SWIFT_EMIT_LOC_STRINGS = NO;
				SWIFT_VERSION = 5.0;
				TARGETED_DEVICE_FAMILY = "1,2";
				TEST_HOST = "$(BUILT_PRODUCTS_DIR)/Sunrisers.app/$(BUNDLE_EXECUTABLE_FOLDER_PATH)/Sunrisers";
			};
			name = Debug;
		};
		EA72A2642CA5B49600C56F34 /* Release */ = {
			isa = XCBuildConfiguration;
			buildSettings = {
				BUNDLE_LOADER = "$(TEST_HOST)";
				CODE_SIGN_STYLE = Automatic;
				CURRENT_PROJECT_VERSION = 1;
				DEVELOPMENT_TEAM = HFUQ986HXR;
				GENERATE_INFOPLIST_FILE = YES;
				IPHONEOS_DEPLOYMENT_TARGET = 18.0;
				MARKETING_VERSION = 1.0;
				PRODUCT_BUNDLE_IDENTIFIER = com.awd.SunrisersTests;
				PRODUCT_NAME = "$(TARGET_NAME)";
				SWIFT_EMIT_LOC_STRINGS = NO;
				SWIFT_VERSION = 5.0;
				TARGETED_DEVICE_FAMILY = "1,2";
				TEST_HOST = "$(BUILT_PRODUCTS_DIR)/Sunrisers.app/$(BUNDLE_EXECUTABLE_FOLDER_PATH)/Sunrisers";
			};
			name = Release;
		};
		EA72A2662CA5B49600C56F34 /* Debug */ = {
			isa = XCBuildConfiguration;
			buildSettings = {
				CODE_SIGN_STYLE = Automatic;
				CURRENT_PROJECT_VERSION = 1;
				DEVELOPMENT_TEAM = HFUQ986HXR;
				GENERATE_INFOPLIST_FILE = YES;
				MARKETING_VERSION = 1.0;
				PRODUCT_BUNDLE_IDENTIFIER = com.awd.SunrisersUITests;
				PRODUCT_NAME = "$(TARGET_NAME)";
				SWIFT_EMIT_LOC_STRINGS = NO;
				SWIFT_VERSION = 5.0;
				TARGETED_DEVICE_FAMILY = "1,2";
				TEST_TARGET_NAME = Sunrisers;
			};
			name = Debug;
		};
		EA72A2672CA5B49600C56F34 /* Release */ = {
			isa = XCBuildConfiguration;
			buildSettings = {
				CODE_SIGN_STYLE = Automatic;
				CURRENT_PROJECT_VERSION = 1;
				DEVELOPMENT_TEAM = HFUQ986HXR;
				GENERATE_INFOPLIST_FILE = YES;
				MARKETING_VERSION = 1.0;
				PRODUCT_BUNDLE_IDENTIFIER = com.awd.SunrisersUITests;
				PRODUCT_NAME = "$(TARGET_NAME)";
				SWIFT_EMIT_LOC_STRINGS = NO;
				SWIFT_VERSION = 5.0;
				TARGETED_DEVICE_FAMILY = "1,2";
				TEST_TARGET_NAME = Sunrisers;
			};
			name = Release;
		};
/* End XCBuildConfiguration section */

/* Begin XCConfigurationList section */
		EA72A2342CA5B49400C56F34 /* Build configuration list for PBXProject "Sunrisers" */ = {
			isa = XCConfigurationList;
			buildConfigurations = (
				EA72A25D2CA5B49600C56F34 /* Debug */,
				EA72A25E2CA5B49600C56F34 /* Release */,
			);
			defaultConfigurationIsVisible = 0;
			defaultConfigurationName = Release;
		};
		EA72A25F2CA5B49600C56F34 /* Build configuration list for PBXNativeTarget "Sunrisers" */ = {
			isa = XCConfigurationList;
			buildConfigurations = (
				EA72A2602CA5B49600C56F34 /* Debug */,
				EA72A2612CA5B49600C56F34 /* Release */,
			);
			defaultConfigurationIsVisible = 0;
			defaultConfigurationName = Release;
		};
		EA72A2622CA5B49600C56F34 /* Build configuration list for PBXNativeTarget "SunrisersTests" */ = {
			isa = XCConfigurationList;
			buildConfigurations = (
				EA72A2632CA5B49600C56F34 /* Debug */,
				EA72A2642CA5B49600C56F34 /* Release */,
			);
			defaultConfigurationIsVisible = 0;
			defaultConfigurationName = Release;
		};
		EA72A2652CA5B49600C56F34 /* Build configuration list for PBXNativeTarget "SunrisersUITests" */ = {
			isa = XCConfigurationList;
			buildConfigurations = (
				EA72A2662CA5B49600C56F34 /* Debug */,
				EA72A2672CA5B49600C56F34 /* Release */,
			);
			defaultConfigurationIsVisible = 0;
			defaultConfigurationName = Release;
		};
/* End XCConfigurationList section */
	};
	rootObject = EA72A2312CA5B49400C56F34 /* Project object */;
}
